
Microsoft Visual Studio Solution File, Format Version 12.00
# Visual Studio Version 18
VisualStudioVersion = 18.0.11205.157 d18.0
MinimumVisualStudioVersion = 10.0.40219.1
Project("{FAE04EC0-301F-11D3-BF4B-00C04F79EFBC}") = "ScratchShell", "ScratchShell\ScratchShell.csproj", "{E7D505F2-EC65-434A-BCCC-35CF447D5A45}"
EndProject
Project("{FAE04EC0-301F-11D3-BF4B-00C04F79EFBC}") = "ScratchShell.WebApi", "ScratchShell.WebApi\ScratchShell.WebApi.csproj", "{D6143876-F160-4947-BF57-499CC9DF3FBB}"
EndProject
Project("{FAE04EC0-301F-11D3-BF4B-00C04F79EFBC}") = "XtermSharp", "XtermSharp\XtermSharp.csproj", "{B52BD71F-527C-6A9F-BCDD-67483CAFB0D2}"
EndProject
Project("{E53339B2-1760-4266-BCC7-CA923CBCF16C}") = "docker-compose", "docker-compose.dcproj", "{81DDED9D-158B-E303-5F62-77A2896D2A5A}"
EndProject
Global
	GlobalSection(SolutionConfigurationPlatforms) = preSolution
		Debug|Any CPU = Debug|Any CPU
		Release|Any CPU = Release|Any CPU
	EndGlobalSection
	GlobalSection(ProjectConfigurationPlatforms) = postSolution
		{E7D505F2-EC65-434A-BCCC-35CF447D5A45}.Debug|Any CPU.ActiveCfg = Debug|Any CPU
		{E7D505F2-EC65-434A-BCCC-35CF447D5A45}.Debug|Any CPU.Build.0 = Debug|Any CPU
		{E7D505F2-EC65-434A-BCCC-35CF447D5A45}.Release|Any CPU.ActiveCfg = Release|Any CPU
		{E7D505F2-EC65-434A-BCCC-35CF447D5A45}.Release|Any CPU.Build.0 = Release|Any CPU
		{D6143876-F160-4947-BF57-499CC9DF3FBB}.Debug|Any CPU.ActiveCfg = Debug|Any CPU
		{D6143876-F160-4947-BF57-499CC9DF3FBB}.Debug|Any CPU.Build.0 = Debug|Any CPU
		{D6143876-F160-4947-BF57-499CC9DF3FBB}.Release|Any CPU.ActiveCfg = Release|Any CPU
		{D6143876-F160-4947-BF57-499CC9DF3FBB}.Release|Any CPU.Build.0 = Release|Any CPU
		{B52BD71F-527C-6A9F-BCDD-67483CAFB0D2}.Debug|Any CPU.ActiveCfg = Debug|Any CPU
		{B52BD71F-527C-6A9F-BCDD-67483CAFB0D2}.Debug|Any CPU.Build.0 = Debug|Any CPU
		{B52BD71F-527C-6A9F-BCDD-67483CAFB0D2}.Release|Any CPU.ActiveCfg = Release|Any CPU
		{B52BD71F-527C-6A9F-BCDD-67483CAFB0D2}.Release|Any CPU.Build.0 = Release|Any CPU
		{81DDED9D-158B-E303-5F62-77A2896D2A5A}.Debug|Any CPU.ActiveCfg = Debug|Any CPU
		{81DDED9D-158B-E303-5F62-77A2896D2A5A}.Debug|Any CPU.Build.0 = Debug|Any CPU
		{81DDED9D-158B-E303-5F62-77A2896D2A5A}.Release|Any CPU.ActiveCfg = Release|Any CPU
		{81DDED9D-158B-E303-5F62-77A2896D2A5A}.Release|Any CPU.Build.0 = Release|Any CPU
	EndGlobalSection
	GlobalSection(SolutionProperties) = preSolution
		HideSolutionNode = FALSE
	EndGlobalSection
	GlobalSection(ExtensibilityGlobals) = postSolution
		SolutionGuid = {834E13E6-1CDC-47E0-BD92-A8FBD4633262}
	EndGlobalSection
EndGlobal
